// !$*UTF8*$!
{
	archiveVersion = 1;
	classes = {
	};
	objectVersion = 77;
	objects = {

/* Begin PBXBuildFile section */
		BCCA9BB6DDE820A179CE0F5F /* Pods_SwiperIOS.framework in Frameworks */ = {isa = PBXBuildFile; fileRef = 15DDB0AA7B1A2E2583F2F12D /* Pods_SwiperIOS.framework */; };
/* End PBXBuildFile section */

/* Begin PBXContainerItemProxy section */
		33447ABD2EEDAFDB00014533 /* PBXContainerItemProxy */ = {
			isa = PBXContainerItemProxy;
			containerPortal = 33447AA72EEDAFD800014533 /* Project object */;
			proxyType = 1;
			remoteGlobalIDString = 33447AAE2EEDAFD900014533;
			remoteInfo = SwiperIOS;
		};
		33447AC72EEDAFDB00014533 /* PBXContainerItemProxy */ = {
			isa = PBXContainerItemProxy;
			containerPortal = 33447AA72EEDAFD800014533 /* Project object */;
			proxyType = 1;
			remoteGlobalIDString = 33447AAE2EEDAFD900014533;
			remoteInfo = SwiperIOS;
		};
/* End PBXContainerItemProxy section */

/* Begin PBXFileReference section */
		15DDB0AA7B1A2E2583F2F12D /* Pods_SwiperIOS.framework */ = {isa = PBXFileReference; explicitFileType = wrapper.framework; includeInIndex = 0; path = Pods_SwiperIOS.framework; sourceTree = BUILT_PRODUCTS_DIR; };
		2904CB82C6F9616F863D6B00 /* Pods-SwiperIOS.release.xcconfig */ = {isa = PBXFileReference; includeInIndex = 1; lastKnownFileType = text.xcconfig; name = "Pods-SwiperIOS.release.xcconfig"; path = "Target Support Files/Pods-SwiperIOS/Pods-SwiperIOS.release.xcconfig"; sourceTree = "<group>"; };
		33447AAF2EEDAFD900014533 /* SwiperIOS.app */ = {isa = PBXFileReference; explicitFileType = wrapper.application; includeInIndex = 0; path = SwiperIOS.app; sourceTree = BUILT_PRODUCTS_DIR; };
		33447ABC2EEDAFDB00014533 /* SwiperIOSTests.xctest */ = {isa = PBXFileReference; explicitFileType = wrapper.cfbundle; includeInIndex = 0; path = SwiperIOSTests.xctest; sourceTree = BUILT_PRODUCTS_DIR; };
		33447AC62EEDAFDB00014533 /* SwiperIOSUITests.xctest */ = {isa = PBXFileReference; explicitFileType = wrapper.cfbundle; includeInIndex = 0; path = SwiperIOSUITests.xctest; sourceTree = BUILT_PRODUCTS_DIR; };
		B63FE80C8CD7FC52A07C1824 /* Pods-SwiperIOS.debug.xcconfig */ = {isa = PBXFileReference; includeInIndex = 1; lastKnownFileType = text.xcconfig; name = "Pods-SwiperIOS.debug.xcconfig"; path = "Target Support Files/Pods-SwiperIOS/Pods-SwiperIOS.debug.xcconfig"; sourceTree = "<group>"; };
/* End PBXFileReference section */

/* Begin PBXFileSystemSynchronizedRootGroup section */
		33447AB12EEDAFD900014533 /* SwiperIOS */ = {
			isa = PBXFileSystemSynchronizedRootGroup;
			exceptions = (
			);
			path = SwiperIOS;
			sourceTree = "<group>";
		};
		33447ABF2EEDAFDB00014533 /* SwiperIOSTests */ = {
			isa = PBXFileSystemSynchronizedRootGroup;
			exceptions = (
			);
			path = SwiperIOSTests;
			sourceTree = "<group>";
		};
		33447AC92EEDAFDB00014533 /* SwiperIOSUITests */ = {
			isa = PBXFileSystemSynchronizedRootGroup;
			exceptions = (
			);
			path = SwiperIOSUITests;
			sourceTree = "<group>";
		};
/* End PBXFileSystemSynchronizedRootGroup section */

/* Begin PBXFrameworksBuildPhase section */
		33447AAC2EEDAFD900014533 /* Frameworks */ = {
			isa = PBXFrameworksBuildPhase;
			buildActionMask = 2147483647;
			files = (
				BCCA9BB6DDE820A179CE0F5F /* Pods_SwiperIOS.framework in Frameworks */,
			);
			runOnlyForDeploymentPostprocessing = 0;
		};
		33447AB92EEDAFDB00014533 /* Frameworks */ = {
			isa = PBXFrameworksBuildPhase;
			buildActionMask = 2147483647;
			files = (
			);
			runOnlyForDeploymentPostprocessing = 0;
		};
		33447AC32EEDAFDB00014533 /* Frameworks */ = {
			isa = PBXFrameworksBuildPhase;
			buildActionMask = 2147483647;
			files = (
			);
			runOnlyForDeploymentPostprocessing = 0;
		};
/* End PBXFrameworksBuildPhase section */

/* Begin PBXGroup section */
		33447AA62EEDAFD800014533 = {
			isa = PBXGroup;
			children = (
				33447AB12EEDAFD900014533 /* SwiperIOS */,
				33447ABF2EEDAFDB00014533 /* SwiperIOSTests */,
				33447AC92EEDAFDB00014533 /* SwiperIOSUITests */,
				33447AB02EEDAFD900014533 /* Products */,
				41C35D0B548091B50BBD8A8D /* Pods */,
				555822AC22D1049FE49B84CC /* Frameworks */,
			);
			sourceTree = "<group>";
		};
		33447AB02EEDAFD900014533 /* Products */ = {
			isa = PBXGroup;
			children = (
				33447AAF2EEDAFD900014533 /* SwiperIOS.app */,
				33447ABC2EEDAFDB00014533 /* SwiperIOSTests.xctest */,
				33447AC62EEDAFDB00014533 /* SwiperIOSUITests.xctest */,
			);
			name = Products;
			sourceTree = "<group>";
		};
		41C35D0B548091B50BBD8A8D /* Pods */ = {
			isa = PBXGroup;
			children = (
				B63FE80C8CD7FC52A07C1824 /* Pods-SwiperIOS.debug.xcconfig */,
				2904CB82C6F9616F863D6B00 /* Pods-SwiperIOS.release.xcconfig */,
			);
			path = Pods;
			sourceTree = "<group>";
		};
		555822AC22D1049FE49B84CC /* Frameworks */ = {
			isa = PBXGroup;
			children = (
				15DDB0AA7B1A2E2583F2F12D /* Pods_SwiperIOS.framework */,
			);
			name = Frameworks;
			sourceTree = "<group>";
		};
/* End PBXGroup section */

/* Begin PBXNativeTarget section */
		33447AAE2EEDAFD900014533 /* SwiperIOS */ = {
			isa = PBXNativeTarget;
			buildConfigurationList = 33447AD02EEDAFDB00014533 /* Build configuration list for PBXNativeTarget "SwiperIOS" */;
			buildPhases = (
				B830F75C7F8F1939940999FB /* [CP] Check Pods Manifest.lock */,
				33447AAB2EEDAFD900014533 /* Sources */,
				33447AAC2EEDAFD900014533 /* Frameworks */,
				33447AAD2EEDAFD900014533 /* Resources */,
				4B87DBEF7FAE85F7F8C96FA0 /* [CP] Embed Pods Frameworks */,
			);
			buildRules = (
			);
			dependencies = (
			);
			fileSystemSynchronizedGroups = (
				33447AB12EEDAFD900014533 /* SwiperIOS */,
			);
			name = SwiperIOS;
			productName = SwiperIOS;
			productReference = 33447AAF2EEDAFD900014533 /* SwiperIOS.app */;
			productType = "com.apple.product-type.application";
		};
		33447ABB2EEDAFDB00014533 /* SwiperIOSTests */ = {
			isa = PBXNativeTarget;
			buildConfigurationList = 33447AD32EEDAFDB00014533 /* Build configuration list for PBXNativeTarget "SwiperIOSTests" */;
			buildPhases = (
				33447AB82EEDAFDB00014533 /* Sources */,
				33447AB92EEDAFDB00014533 /* Frameworks */,
				33447ABA2EEDAFDB00014533 /* Resources */,
			);
			buildRules = (
			);
			dependencies = (
				33447ABE2EEDAFDB00014533 /* PBXTargetDependency */,
			);
			fileSystemSynchronizedGroups = (
				33447ABF2EEDAFDB00014533 /* SwiperIOSTests */,
			);
			name = SwiperIOSTests;
			productName = SwiperIOSTests;
			productReference = 33447ABC2EEDAFDB00014533 /* SwiperIOSTests.xctest */;
			productType = "com.apple.product-type.bundle.unit-test";
		};
		33447AC52EEDAFDB00014533 /* SwiperIOSUITests */ = {
			isa = PBXNativeTarget;
			buildConfigurationList = 33447AD62EEDAFDB00014533 /* Build configuration list for PBXNativeTarget "SwiperIOSUITests" */;
			buildPhases = (
				33447AC22EEDAFDB00014533 /* Sources */,
				33447AC32EEDAFDB00014533 /* Frameworks */,
				33447AC42EEDAFDB00014533 /* Resources */,
			);
			buildRules = (
			);
			dependencies = (
				33447AC82EEDAFDB00014533 /* PBXTargetDependency */,
			);
			fileSystemSynchronizedGroups = (
				33447AC92EEDAFDB00014533 /* SwiperIOSUITests */,
			);
			name = SwiperIOSUITests;
			productName = SwiperIOSUITests;
			productReference = 33447AC62EEDAFDB00014533 /* SwiperIOSUITests.xctest */;
			productType = "com.apple.product-type.bundle.ui-testing";
		};
/* End PBXNativeTarget section */

/* Begin PBXProject section */
		33447AA72EEDAFD800014533 /* Project object */ = {
			isa = PBXProject;
			attributes = {
				BuildIndependentTargetsInParallel = 1;
				LastSwiftUpdateCheck = 2620;
				LastUpgradeCheck = 2620;
				TargetAttributes = {
					33447AAE2EEDAFD900014533 = {
						CreatedOnToolsVersion = 26.2;
					};
					33447ABB2EEDAFDB00014533 = {
						CreatedOnToolsVersion = 26.2;
						TestTargetID = 33447AAE2EEDAFD900014533;
					};
					33447AC52EEDAFDB00014533 = {
						CreatedOnToolsVersion = 26.2;
						TestTargetID = 33447AAE2EEDAFD900014533;
					};
				};
			};
			buildConfigurationList = 33447AAA2EEDAFD800014533 /* Build configuration list for PBXProject "SwiperIOS" */;
			developmentRegion = en;
			hasScannedForEncodings = 0;
			knownRegions = (
				en,
				Base,
			);
			mainGroup = 33447AA62EEDAFD800014533;
			minimizedProjectReferenceProxies = 1;
			preferredProjectObjectVersion = 77;
			productRefGroup = 33447AB02EEDAFD900014533 /* Products */;
			projectDirPath = "";
			projectRoot = "";
			targets = (
				33447AAE2EEDAFD900014533 /* SwiperIOS */,
				33447ABB2EEDAFDB00014533 /* SwiperIOSTests */,
				33447AC52EEDAFDB00014533 /* SwiperIOSUITests */,
			);
		};
/* End PBXProject section */

/* Begin PBXResourcesBuildPhase section */
		33447AAD2EEDAFD900014533 /* Resources */ = {
			isa = PBXResourcesBuildPhase;
			buildActionMask = 2147483647;
			files = (
			);
			runOnlyForDeploymentPostprocessing = 0;
		};
		33447ABA2EEDAFDB00014533 /* Resources */ = {
			isa = PBXResourcesBuildPhase;
			buildActionMask = 2147483647;
			files = (
			);
			runOnlyForDeploymentPostprocessing = 0;
		};
		33447AC42EEDAFDB00014533 /* Resources */ = {
			isa = PBXResourcesBuildPhase;
			buildActionMask = 2147483647;
			files = (
			);
			runOnlyForDeploymentPostprocessing = 0;
		};
/* End PBXResourcesBuildPhase section */

/* Begin PBXShellScriptBuildPhase section */
		4B87DBEF7FAE85F7F8C96FA0 /* [CP] Embed Pods Frameworks */ = {
			isa = PBXShellScriptBuildPhase;
			buildActionMask = 2147483647;
			files = (
			);
			inputFileListPaths = (
				"${PODS_ROOT}/Target Support Files/Pods-SwiperIOS/Pods-SwiperIOS-frameworks-${CONFIGURATION}-input-files.xcfilelist",
			);
			name = "[CP] Embed Pods Frameworks";
			outputFileListPaths = (
				"${PODS_ROOT}/Target Support Files/Pods-SwiperIOS/Pods-SwiperIOS-frameworks-${CONFIGURATION}-output-files.xcfilelist",
			);
			runOnlyForDeploymentPostprocessing = 0;
			shellPath = /bin/sh;
			shellScript = "\"${PODS_ROOT}/Target Support Files/Pods-SwiperIOS/Pods-SwiperIOS-frameworks.sh\"\n";
			showEnvVarsInLog = 0;
		};
		B830F75C7F8F1939940999FB /* [CP] Check Pods Manifest.lock */ = {
			isa = PBXShellScriptBuildPhase;
			buildActionMask = 2147483647;
			files = (
			);
			inputFileListPaths = (
			);
			inputPaths = (
				"${PODS_PODFILE_DIR_PATH}/Podfile.lock",
				"${PODS_ROOT}/Manifest.lock",
			);
			name = "[CP] Check Pods Manifest.lock";
			outputFileListPaths = (
			);
			outputPaths = (
				"$(DERIVED_FILE_DIR)/Pods-SwiperIOS-checkManifestLockResult.txt",
			);
			runOnlyForDeploymentPostprocessing = 0;
			shellPath = /bin/sh;
			shellScript = "diff \"${PODS_PODFILE_DIR_PATH}/Podfile.lock\" \"${PODS_ROOT}/Manifest.lock\" > /dev/null\nif [ $? != 0 ] ; then\n    # print error to STDERR\n    echo \"error: The sandbox is not in sync with the Podfile.lock. Run 'pod install' or update your CocoaPods installation.\" >&2\n    exit 1\nfi\n# This output is used by Xcode 'outputs' to avoid re-running this script phase.\necho \"SUCCESS\" > \"${SCRIPT_OUTPUT_FILE_0}\"\n";
			showEnvVarsInLog = 0;
		};
/* End PBXShellScriptBuildPhase section */

/* Begin PBXSourcesBuildPhase section */
		33447AAB2EEDAFD900014533 /* Sources */ = {
			isa = PBXSourcesBuildPhase;
			buildActionMask = 2147483647;
			files = (
			);
			runOnlyForDeploymentPostprocessing = 0;
		};
		33447AB82EEDAFDB00014533 /* Sources */ = {
			isa = PBXSourcesBuildPhase;
			buildActionMask = 2147483647;
			files = (
			);
			runOnlyForDeploymentPostprocessing = 0;
		};
		33447AC22EEDAFDB00014533 /* Sources */ = {
			isa = PBXSourcesBuildPhase;
			buildActionMask = 2147483647;
			files = (
			);
			runOnlyForDeploymentPostprocessing = 0;
		};
/* End PBXSourcesBuildPhase section */

/* Begin PBXTargetDependency section */
		33447ABE2EEDAFDB00014533 /* PBXTargetDependency */ = {
			isa = PBXTargetDependency;
			target = 33447AAE2EEDAFD900014533 /* SwiperIOS */;
			targetProxy = 33447ABD2EEDAFDB00014533 /* PBXContainerItemProxy */;
		};
		33447AC82EEDAFDB00014533 /* PBXTargetDependency */ = {
			isa = PBXTargetDependency;
			target = 33447AAE2EEDAFD900014533 /* SwiperIOS */;
			targetProxy = 33447AC72EEDAFDB00014533 /* PBXContainerItemProxy */;
		};
/* End PBXTargetDependency section */

/* Begin XCBuildConfiguration section */
		33447ACE2EEDAFDB00014533 /* Debug */ = {
			isa = XCBuildConfiguration;
			buildSettings = {
				ALWAYS_SEARCH_USER_PATHS = NO;
				ASSETCATALOG_COMPILER_GENERATE_SWIFT_ASSET_SYMBOL_EXTENSIONS = YES;
				CLANG_ANALYZER_NONNULL = YES;
				CLANG_ANALYZER_NUMBER_OBJECT_CONVERSION = YES_AGGRESSIVE;
				CLANG_CXX_LANGUAGE_STANDARD = "gnu++20";
				CLANG_ENABLE_MODULES = YES;
				CLANG_ENABLE_OBJC_ARC = YES;
				CLANG_ENABLE_OBJC_WEAK = YES;
				CLANG_WARN_BLOCK_CAPTURE_AUTORELEASING = YES;
				CLANG_WARN_BOOL_CONVERSION = YES;
				CLANG_WARN_COMMA = YES;
				CLANG_WARN_CONSTANT_CONVERSION = YES;
				CLANG_WARN_DEPRECATED_OBJC_IMPLEMENTATIONS = YES;
				CLANG_WARN_DIRECT_OBJC_ISA_USAGE = YES_ERROR;
				CLANG_WARN_DOCUMENTATION_COMMENTS = YES;
				CLANG_WARN_EMPTY_BODY = YES;
				CLANG_WARN_ENUM_CONVERSION = YES;
				CLANG_WARN_INFINITE_RECURSION = YES;
				CLANG_WARN_INT_CONVERSION = YES;
				CLANG_WARN_NON_LITERAL_NULL_CONVERSION = YES;
				CLANG_WARN_OBJC_IMPLICIT_RETAIN_SELF = YES;
				CLANG_WARN_OBJC_LITERAL_CONVERSION = YES;
				CLANG_WARN_OBJC_ROOT_CLASS = YES_ERROR;
				CLANG_WARN_QUOTED_INCLUDE_IN_FRAMEWORK_HEADER = YES;
				CLANG_WARN_RANGE_LOOP_ANALYSIS = YES;
				CLANG_WARN_STRICT_PROTOTYPES = YES;
				CLANG_WARN_SUSPICIOUS_MOVE = YES;
				CLANG_WARN_UNGUARDED_AVAILABILITY = YES_AGGRESSIVE;
				CLANG_WARN_UNREACHABLE_CODE = YES;
				CLANG_WARN__DUPLICATE_METHOD_MATCH = YES;
				COPY_PHASE_STRIP = NO;
				DEBUG_INFORMATION_FORMAT = dwarf;
				DEVELOPMENT_TEAM = 34LPAHZG4A;
				ENABLE_STRICT_OBJC_MSGSEND = YES;
				ENABLE_TESTABILITY = YES;
				ENABLE_USER_SCRIPT_SANDBOXING = NO;
				GCC_C_LANGUAGE_STANDARD = gnu17;
				GCC_DYNAMIC_NO_PIC = NO;
				GCC_NO_COMMON_BLOCKS = YES;
				GCC_OPTIMIZATION_LEVEL = 0;
				GCC_PREPROCESSOR_DEFINITIONS = (
					"DEBUG=1",
					"$(inherited)",
				);
				GCC_WARN_64_TO_32_BIT_CONVERSION = YES;
				GCC_WARN_ABOUT_RETURN_TYPE = YES_ERROR;
				GCC_WARN_UNDECLARED_SELECTOR = YES;
				GCC_WARN_UNINITIALIZED_AUTOS = YES_AGGRESSIVE;
				GCC_WARN_UNUSED_FUNCTION = YES;
				GCC_WARN_UNUSED_VARIABLE = YES;
				IPHONEOS_DEPLOYMENT_TARGET = 26.2;
				LOCALIZATION_PREFERS_STRING_CATALOGS = YES;
				MTL_ENABLE_DEBUG_INFO = INCLUDE_SOURCE;
				MTL_FAST_MATH = YES;
				ONLY_ACTIVE_ARCH = YES;
				SDKROOT = iphoneos;
				SWIFT_ACTIVE_COMPILATION_CONDITIONS = "DEBUG $(inherited)";
				SWIFT_OPTIMIZATION_LEVEL = "-Onone";
			};
			name = Debug;
		};
		33447ACF2EEDAFDB00014533 /* Release */ = {
			isa = XCBuildConfiguration;
			buildSettings = {
				ALWAYS_SEARCH_USER_PATHS = NO;
				ASSETCATALOG_COMPILER_GENERATE_SWIFT_ASSET_SYMBOL_EXTENSIONS = YES;
				CLANG_ANALYZER_NONNULL = YES;
				CLANG_ANALYZER_NUMBER_OBJECT_CONVERSION = YES_AGGRESSIVE;
				CLANG_CXX_LANGUAGE_STANDARD = "gnu++20";
				CLANG_ENABLE_MODULES = YES;
				CLANG_ENABLE_OBJC_ARC = YES;
				CLANG_ENABLE_OBJC_WEAK = YES;
				CLANG_WARN_BLOCK_CAPTURE_AUTORELEASING = YES;
				CLANG_WARN_BOOL_CONVERSION = YES;
				CLANG_WARN_COMMA = YES;
				CLANG_WARN_CONSTANT_CONVERSION = YES;
				CLANG_WARN_DEPRECATED_OBJC_IMPLEMENTATIONS = YES;
				CLANG_WARN_DIRECT_OBJC_ISA_USAGE = YES_ERROR;
				CLANG_WARN_DOCUMENTATION_COMMENTS = YES;
				CLANG_WARN_EMPTY_BODY = YES;
				CLANG_WARN_ENUM_CONVERSION = YES;
				CLANG_WARN_INFINITE_RECURSION = YES;
				CLANG_WARN_INT_CONVERSION = YES;
				CLANG_WARN_NON_LITERAL_NULL_CONVERSION = YES;
				CLANG_WARN_OBJC_IMPLICIT_RETAIN_SELF = YES;
				CLANG_WARN_OBJC_LITERAL_CONVERSION = YES;
				CLANG_WARN_OBJC_ROOT_CLASS = YES_ERROR;
				CLANG_WARN_QUOTED_INCLUDE_IN_FRAMEWORK_HEADER = YES;
				CLANG_WARN_RANGE_LOOP_ANALYSIS = YES;
				CLANG_WARN_STRICT_PROTOTYPES = YES;
				CLANG_WARN_SUSPICIOUS_MOVE = YES;
				CLANG_WARN_UNGUARDED_AVAILABILITY = YES_AGGRESSIVE;
				CLANG_WARN_UNREACHABLE_CODE = YES;
				CLANG_WARN__DUPLICATE_METHOD_MATCH = YES;
				COPY_PHASE_STRIP = NO;
				DEBUG_INFORMATION_FORMAT = "dwarf-with-dsym";
				DEVELOPMENT_TEAM = 34LPAHZG4A;
				ENABLE_NS_ASSERTIONS = NO;
				ENABLE_STRICT_OBJC_MSGSEND = YES;
				ENABLE_USER_SCRIPT_SANDBOXING = NO;
				GCC_C_LANGUAGE_STANDARD = gnu17;
				GCC_NO_COMMON_BLOCKS = YES;
				GCC_WARN_64_TO_32_BIT_CONVERSION = YES;
				GCC_WARN_ABOUT_RETURN_TYPE = YES_ERROR;
				GCC_WARN_UNDECLARED_SELECTOR = YES;
				GCC_WARN_UNINITIALIZED_AUTOS = YES_AGGRESSIVE;
				GCC_WARN_UNUSED_FUNCTION = YES;
				GCC_WARN_UNUSED_VARIABLE = YES;
				IPHONEOS_DEPLOYMENT_TARGET = 26.2;
				LOCALIZATION_PREFERS_STRING_CATALOGS = YES;
				MTL_ENABLE_DEBUG_INFO = NO;
				MTL_FAST_MATH = YES;
				SDKROOT = iphoneos;
				SWIFT_COMPILATION_MODE = wholemodule;
				VALIDATE_PRODUCT = YES;
			};
			name = Release;
		};
		33447AD12EEDAFDB00014533 /* Debug */ = {
			isa = XCBuildConfiguration;
			baseConfigurationReference = B63FE80C8CD7FC52A07C1824 /* Pods-SwiperIOS.debug.xcconfig */;
			buildSettings = {
				ASSETCATALOG_COMPILER_APPICON_NAME = AppIcon;
				ASSETCATALOG_COMPILER_GLOBAL_ACCENT_COLOR_NAME = AccentColor;
				CODE_SIGN_STYLE = Automatic;
				CURRENT_PROJECT_VERSION = 1;
				DEVELOPMENT_TEAM = 34LPAHZG4A;
				ENABLE_PREVIEWS = YES;
				GENERATE_INFOPLIST_FILE = YES;
				INFOPLIST_KEY_UIApplicationSceneManifest_Generation = YES;
				INFOPLIST_KEY_UIApplicationSupportsIndirectInputEvents = YES;
				INFOPLIST_KEY_UILaunchScreen_Generation = YES;
				INFOPLIST_KEY_UISupportedInterfaceOrientations_iPad = "UIInterfaceOrientationPortrait UIInterfaceOrientationPortraitUpsideDown UIInterfaceOrientationLandscapeLeft UIInterfaceOrientationLandscapeRight";
				INFOPLIST_KEY_UISupportedInterfaceOrientations_iPhone = "UIInterfaceOrientationPortrait UIInterfaceOrientationLandscapeLeft UIInterfaceOrientationLandscapeRight";
				LD_RUNPATH_SEARCH_PATHS = (
					"$(inherited)",
					"@executable_path/Frameworks",
				);
				MARKETING_VERSION = 1.0;
				PRODUCT_BUNDLE_IDENTIFIER = com.pgzxc.SwiperIOS;
				PRODUCT_NAME = "$(TARGET_NAME)";
				STRING_CATALOG_GENERATE_SYMBOLS = YES;
				SWIFT_APPROACHABLE_CONCURRENCY = YES;
				SWIFT_DEFAULT_ACTOR_ISOLATION = MainActor;
				SWIFT_EMIT_LOC_STRINGS = YES;
				SWIFT_UPCOMING_FEATURE_MEMBER_IMPORT_VISIBILITY = YES;
				SWIFT_VERSION = 5.0;
				TARGETED_DEVICE_FAMILY = "1,2";
			};
			name = Debug;
		};
		33447AD22EEDAFDB00014533 /* Release */ = {
			isa = XCBuildConfiguration;
			baseConfigurationReference = 2904CB82C6F9616F863D6B00 /* Pods-SwiperIOS.release.xcconfig */;
			buildSettings = {
				ASSETCATALOG_COMPILER_APPICON_NAME = AppIcon;
				ASSETCATALOG_COMPILER_GLOBAL_ACCENT_COLOR_NAME = AccentColor;
				CODE_SIGN_STYLE = Automatic;
				CURRENT_PROJECT_VERSION = 1;
				DEVELOPMENT_TEAM = 34LPAHZG4A;
				ENABLE_PREVIEWS = YES;
				GENERATE_INFOPLIST_FILE = YES;
				INFOPLIST_KEY_UIApplicationSceneManifest_Generation = YES;
				INFOPLIST_KEY_UIApplicationSupportsIndirectInputEvents = YES;
				INFOPLIST_KEY_UILaunchScreen_Generation = YES;
				INFOPLIST_KEY_UISupportedInterfaceOrientations_iPad = "UIInterfaceOrientationPortrait UIInterfaceOrientationPortraitUpsideDown UIInterfaceOrientationLandscapeLeft UIInterfaceOrientationLandscapeRight";
				INFOPLIST_KEY_UISupportedInterfaceOrientations_iPhone = "UIInterfaceOrientationPortrait UIInterfaceOrientationLandscapeLeft UIInterfaceOrientationLandscapeRight";
				LD_RUNPATH_SEARCH_PATHS = (
					"$(inherited)",
					"@executable_path/Frameworks",
				);
				MARKETING_VERSION = 1.0;
				PRODUCT_BUNDLE_IDENTIFIER = com.pgzxc.SwiperIOS;
				PRODUCT_NAME = "$(TARGET_NAME)";
				STRING_CATALOG_GENERATE_SYMBOLS = YES;
				SWIFT_APPROACHABLE_CONCURRENCY = YES;
				SWIFT_DEFAULT_ACTOR_ISOLATION = MainActor;
				SWIFT_EMIT_LOC_STRINGS = YES;
				SWIFT_UPCOMING_FEATURE_MEMBER_IMPORT_VISIBILITY = YES;
				SWIFT_VERSION = 5.0;
				TARGETED_DEVICE_FAMILY = "1,2";
			};
			name = Release;
		};
		33447AD42EEDAFDB00014533 /* Debug */ = {
			isa = XCBuildConfiguration;
			buildSettings = {
				BUNDLE_LOADER = "$(TEST_HOST)";
				CODE_SIGN_STYLE = Automatic;
				CURRENT_PROJECT_VERSION = 1;
				DEVELOPMENT_TEAM = 34LPAHZG4A;
				GENERATE_INFOPLIST_FILE = YES;
				IPHONEOS_DEPLOYMENT_TARGET = 26.2;
				MARKETING_VERSION = 1.0;
				PRODUCT_BUNDLE_IDENTIFIER = com.pgzxc.SwiperIOSTests;
				PRODUCT_NAME = "$(TARGET_NAME)";
				STRING_CATALOG_GENERATE_SYMBOLS = NO;
				SWIFT_APPROACHABLE_CONCURRENCY = YES;
				SWIFT_EMIT_LOC_STRINGS = NO;
				SWIFT_UPCOMING_FEATURE_MEMBER_IMPORT_VISIBILITY = YES;
				SWIFT_VERSION = 5.0;
				TARGETED_DEVICE_FAMILY = "1,2";
				TEST_HOST = "$(BUILT_PRODUCTS_DIR)/SwiperIOS.app/$(BUNDLE_EXECUTABLE_FOLDER_PATH)/SwiperIOS";
			};
			name = Debug;
		};
		33447AD52EEDAFDB00014533 /* Release */ = {
			isa = XCBuildConfiguration;
			buildSettings = {
				BUNDLE_LOADER = "$(TEST_HOST)";
				CODE_SIGN_STYLE = Automatic;
				CURRENT_PROJECT_VERSION = 1;
				DEVELOPMENT_TEAM = 34LPAHZG4A;
				GENERATE_INFOPLIST_FILE = YES;
				IPHONEOS_DEPLOYMENT_TARGET = 26.2;
				MARKETING_VERSION = 1.0;
				PRODUCT_BUNDLE_IDENTIFIER = com.pgzxc.SwiperIOSTests;
				PRODUCT_NAME = "$(TARGET_NAME)";
				STRING_CATALOG_GENERATE_SYMBOLS = NO;
				SWIFT_APPROACHABLE_CONCURRENCY = YES;
				SWIFT_EMIT_LOC_STRINGS = NO;
				SWIFT_UPCOMING_FEATURE_MEMBER_IMPORT_VISIBILITY = YES;
				SWIFT_VERSION = 5.0;
				TARGETED_DEVICE_FAMILY = "1,2";
				TEST_HOST = "$(BUILT_PRODUCTS_DIR)/SwiperIOS.app/$(BUNDLE_EXECUTABLE_FOLDER_PATH)/SwiperIOS";
			};
			name = Release;
		};
		33447AD72EEDAFDB00014533 /* Debug */ = {
			isa = XCBuildConfiguration;
			buildSettings = {
				CODE_SIGN_STYLE = Automatic;
				CURRENT_PROJECT_VERSION = 1;
				DEVELOPMENT_TEAM = 34LPAHZG4A;
				GENERATE_INFOPLIST_FILE = YES;
				MARKETING_VERSION = 1.0;
				PRODUCT_BUNDLE_IDENTIFIER = com.pgzxc.SwiperIOSUITests;
				PRODUCT_NAME = "$(TARGET_NAME)";
				STRING_CATALOG_GENERATE_SYMBOLS = NO;
				SWIFT_APPROACHABLE_CONCURRENCY = YES;
				SWIFT_EMIT_LOC_STRINGS = NO;
				SWIFT_UPCOMING_FEATURE_MEMBER_IMPORT_VISIBILITY = YES;
				SWIFT_VERSION = 5.0;
				TARGETED_DEVICE_FAMILY = "1,2";
				TEST_TARGET_NAME = SwiperIOS;
			};
			name = Debug;
		};
		33447AD82EEDAFDB00014533 /* Release */ = {
			isa = XCBuildConfiguration;
			buildSettings = {
				CODE_SIGN_STYLE = Automatic;
				CURRENT_PROJECT_VERSION = 1;
				DEVELOPMENT_TEAM = 34LPAHZG4A;
				GENERATE_INFOPLIST_FILE = YES;
				MARKETING_VERSION = 1.0;
				PRODUCT_BUNDLE_IDENTIFIER = com.pgzxc.SwiperIOSUITests;
				PRODUCT_NAME = "$(TARGET_NAME)";
				STRING_CATALOG_GENERATE_SYMBOLS = NO;
				SWIFT_APPROACHABLE_CONCURRENCY = YES;
				SWIFT_EMIT_LOC_STRINGS = NO;
				SWIFT_UPCOMING_FEATURE_MEMBER_IMPORT_VISIBILITY = YES;
				SWIFT_VERSION = 5.0;
				TARGETED_DEVICE_FAMILY = "1,2";
				TEST_TARGET_NAME = SwiperIOS;
			};
			name = Release;
		};
/* End XCBuildConfiguration section */

/* Begin XCConfigurationList section */
		33447AAA2EEDAFD800014533 /* Build configuration list for PBXProject "SwiperIOS" */ = {
			isa = XCConfigurationList;
			buildConfigurations = (
				33447ACE2EEDAFDB00014533 /* Debug */,
				33447ACF2EEDAFDB00014533 /* Release */,
			);
			defaultConfigurationIsVisible = 0;
			defaultConfigurationName = Release;
		};
		33447AD02EEDAFDB00014533 /* Build configuration list for PBXNativeTarget "SwiperIOS" */ = {
			isa = XCConfigurationList;
			buildConfigurations = (
				33447AD12EEDAFDB00014533 /* Debug */,
				33447AD22EEDAFDB00014533 /* Release */,
			);
			defaultConfigurationIsVisible = 0;
			defaultConfigurationName = Release;
		};
		33447AD32EEDAFDB00014533 /* Build configuration list for PBXNativeTarget "SwiperIOSTests" */ = {
			isa = XCConfigurationList;
			buildConfigurations = (
				33447AD42EEDAFDB00014533 /* Debug */,
				33447AD52EEDAFDB00014533 /* Release */,
			);
			defaultConfigurationIsVisible = 0;
			defaultConfigurationName = Release;
		};
		33447AD62EEDAFDB00014533 /* Build configuration list for PBXNativeTarget "SwiperIOSUITests" */ = {
			isa = XCConfigurationList;
			buildConfigurations = (
				33447AD72EEDAFDB00014533 /* Debug */,
				33447AD82EEDAFDB00014533 /* Release */,
			);
			defaultConfigurationIsVisible = 0;
			defaultConfigurationName = Release;
		};
/* End XCConfigurationList section */
	};
	rootObject = 33447AA72EEDAFD800014533 /* Project object */;
}
